
Microsoft Visual Studio Solution File, Format Version 12.00
# Visual Studio Version 17
VisualStudioVersion = 17.9.34728.123
MinimumVisualStudioVersion = 10.0.40219.1
Project("{FAE04EC0-301F-11D3-BF4B-00C04F79EFBC}") = "todoAPI", "todoAPI\todoAPI.csproj", "{CFB63FF1-0A4E-4E85-A57C-4CBCC86E9F97}"
EndProject
Global
	GlobalSection(SolutionConfigurationPlatforms) = preSolution
		Debug|Any CPU = Debug|Any CPU
		Release|Any CPU = Release|Any CPU
	EndGlobalSection
	GlobalSection(ProjectConfigurationPlatforms) = postSolution
		{CFB63FF1-0A4E-4E85-A57C-4CBCC86E9F97}.Debug|Any CPU.ActiveCfg = Debug|Any CPU
		{CFB63FF1-0A4E-4E85-A57C-4CBCC86E9F97}.Debug|Any CPU.Build.0 = Debug|Any CPU
		{CFB63FF1-0A4E-4E85-A57C-4CBCC86E9F97}.Release|Any CPU.ActiveCfg = Release|Any CPU
		{CFB63FF1-0A4E-4E85-A57C-4CBCC86E9F97}.Release|Any CPU.Build.0 = Release|Any CPU
	EndGlobalSection
	GlobalSection(SolutionProperties) = preSolution
		HideSolutionNode = FALSE
	EndGlobalSection
	GlobalSection(ExtensibilityGlobals) = postSolution
		SolutionGuid = {59B125C0-6585-429B-8820-AD8D35F08F38}
	EndGlobalSection
EndGlobal
